PATH
  remote: .
  specs:
    tigerbeetle (0.1.0)

GEM
  remote: https://rubygems.org/
  specs:
    erb (5.0.1)
    io-console (0.8.0)
    irb (1.15.2)
      pp (>= 0.6.0)
      rdoc (>= 4.0.0)
      reline (>= 0.4.2)
    pp (0.6.2)
      prettyprint
    prettyprint (0.2.0)
    rdoc (6.14.0)
      erb
    reline (0.6.1)
      io-console (~> 0.5)

PLATFORMS
  ruby
  x86_64-linux

DEPENDENCIES
  irb
  tigerbeetle!

BUNDLED WITH
   2.6.2
